
Microsoft Visual Studio Solution File, Format Version 12.00
# Visual Studio Version 17
VisualStudioVersion = 17.8.34330.188
MinimumVisualStudioVersion = 10.0.40219.1
Project("{9A19103F-16F7-4668-BE54-9A1E7A4F7556}") = "ReverseLinkedList_Problem", "ReverseLinkedList_Problem\ReverseLinkedList_Problem.csproj", "{84FC830A-F41A-4B0A-B9B5-185C24133B56}"
EndProject
Project("{9A19103F-16F7-4668-BE54-9A1E7A4F7556}") = "TwoSum_Problem", "TwoSum_Problem\TwoSum_Problem.csproj", "{11EB9E56-AC08-4B40-9FD2-FF56F278436F}"
EndProject
Project("{9A19103F-16F7-4668-BE54-9A1E7A4F7556}") = "ThreeSum_Problem", "ThreeSum_Problem\ThreeSum_Problem.csproj", "{15E0674F-20EB-494B-8464-8ADED1C2387F}"
EndProject
Project("{9A19103F-16F7-4668-BE54-9A1E7A4F7556}") = "ReverseArray_Problem", "ReverseArray_Problem\ReverseArray_Problem.csproj", "{BD9C94FE-9FA5-4707-9199-CA331E424993}"
EndProject
Project("{9A19103F-16F7-4668-BE54-9A1E7A4F7556}") = "ReverseString_Problem", "ReverseString_Problem\ReverseString_Problem.csproj", "{2EA988A4-7507-4EB0-A8BB-C6793792779E}"
EndProject
Project("{9A19103F-16F7-4668-BE54-9A1E7A4F7556}") = "ReverseWords_Problem", "ReverseWords_Problem\ReverseWords_Problem.csproj", "{DF84F1FF-AB0A-4A86-8C4B-628D87306FCE}"
EndProject
Project("{9A19103F-16F7-4668-BE54-9A1E7A4F7556}") = "ReverseWordsInString_Problem", "ReverseWordsInString_Problem\ReverseWordsInString_Problem.csproj", "{FF6AEBC7-019C-4228-9FF1-F9A33EB0CA8F}"
EndProject
Project("{9A19103F-16F7-4668-BE54-9A1E7A4F7556}") = "LoopOrCycle_LinkedList_Problem", "LoopOrCycle_LinkedList_Problem\LoopOrCycle_LinkedList_Problem.csproj", "{7455CA21-FD61-44D7-9651-89D85E251920}"
EndProject
Project("{9A19103F-16F7-4668-BE54-9A1E7A4F7556}") = "LoopOrCycle_LinkedList-II_Problem", "LoopOrCycle_LinkedList-II_Problem\LoopOrCycle_LinkedList-II_Problem.csproj", "{D9433DD8-A72B-49B7-92F2-6554F80E1145}"
EndProject
Project("{9A19103F-16F7-4668-BE54-9A1E7A4F7556}") = "RegularExpressionMatching", "RegularExpressionMatching\RegularExpressionMatching.csproj", "{C6A331AB-4F6B-4B6B-A689-D70866AF5B87}"
EndProject
Project("{9A19103F-16F7-4668-BE54-9A1E7A4F7556}") = "MergeTwoSortedLists", "MergeTwoSortedLists\MergeTwoSortedLists.csproj", "{4B6A1BE1-7C02-408C-B7D2-D38B4CAD4AED}"
EndProject
Project("{9A19103F-16F7-4668-BE54-9A1E7A4F7556}") = "QueueUsingStacks", "QueueUsingStacks\QueueUsingStacks.csproj", "{FCE335F4-7C86-4ADB-A643-69629A266A7B}"
EndProject
Project("{9A19103F-16F7-4668-BE54-9A1E7A4F7556}") = "Sort_an_Array", "Sort_an_Array\Sort_an_Array.csproj", "{4218ADF0-AE1C-4C90-8978-3EC06E8436B1}"
EndProject
Project("{9A19103F-16F7-4668-BE54-9A1E7A4F7556}") = "StackUsingQueues_Problem", "StackUsingQueues_Problem\StackUsingQueues_Problem.csproj", "{64B530D7-BD26-442D-A7F5-7EF77EB14401}"
EndProject
Project("{9A19103F-16F7-4668-BE54-9A1E7A4F7556}") = "SumTwoIntegers", "SumTwoIntegers\SumTwoIntegers.csproj", "{FAD7D7A5-3B58-42CD-BA98-16A3380C838F}"
EndProject
Project("{9A19103F-16F7-4668-BE54-9A1E7A4F7556}") = "RemoveDuplicatesFromSortedArray", "RemoveDuplicatesFromSortedArray\RemoveDuplicatesFromSortedArray.csproj", "{8FD08367-04AD-445D-893D-77B29E809EB1}"
EndProject
Project("{9A19103F-16F7-4668-BE54-9A1E7A4F7556}") = "SquareRoot", "SquareRoot\SquareRoot.csproj", "{25E57FEE-BAD1-4A03-955B-9DFF2ADD7AFA}"
EndProject
Project("{9A19103F-16F7-4668-BE54-9A1E7A4F7556}") = "SquareRoot_Doubble", "SquareRoot_Doubble\SquareRoot_Doubble.csproj", "{EF90A738-0D14-4AAF-B8AB-1FB7F9F2B8D5}"
EndProject
Project("{9A19103F-16F7-4668-BE54-9A1E7A4F7556}") = "Duplicates_Array", "Duplicates_Array\Duplicates_Array.csproj", "{950804CE-4C4F-4ECF-B976-BBBC97DF9988}"
EndProject
Project("{FAE04EC0-301F-11D3-BF4B-00C04F79EFBC}") = "Count_Pairs_With_Given_Sum", "Count_Pairs_With_Given_Sum\Count_Pairs_With_Given_Sum.csproj", "{55DD36BB-DFBE-42EA-A35B-FC3E27B63F99}"
EndProject
Global
	GlobalSection(SolutionConfigurationPlatforms) = preSolution
		Debug|Any CPU = Debug|Any CPU
		Release|Any CPU = Release|Any CPU
	EndGlobalSection
	GlobalSection(ProjectConfigurationPlatforms) = postSolution
		{84FC830A-F41A-4B0A-B9B5-185C24133B56}.Debug|Any CPU.ActiveCfg = Debug|Any CPU
		{84FC830A-F41A-4B0A-B9B5-185C24133B56}.Debug|Any CPU.Build.0 = Debug|Any CPU
		{84FC830A-F41A-4B0A-B9B5-185C24133B56}.Release|Any CPU.ActiveCfg = Release|Any CPU
		{84FC830A-F41A-4B0A-B9B5-185C24133B56}.Release|Any CPU.Build.0 = Release|Any CPU
		{11EB9E56-AC08-4B40-9FD2-FF56F278436F}.Debug|Any CPU.ActiveCfg = Debug|Any CPU
		{11EB9E56-AC08-4B40-9FD2-FF56F278436F}.Debug|Any CPU.Build.0 = Debug|Any CPU
		{11EB9E56-AC08-4B40-9FD2-FF56F278436F}.Release|Any CPU.ActiveCfg = Release|Any CPU
		{11EB9E56-AC08-4B40-9FD2-FF56F278436F}.Release|Any CPU.Build.0 = Release|Any CPU
		{15E0674F-20EB-494B-8464-8ADED1C2387F}.Debug|Any CPU.ActiveCfg = Debug|Any CPU
		{15E0674F-20EB-494B-8464-8ADED1C2387F}.Debug|Any CPU.Build.0 = Debug|Any CPU
		{15E0674F-20EB-494B-8464-8ADED1C2387F}.Release|Any CPU.ActiveCfg = Release|Any CPU
		{15E0674F-20EB-494B-8464-8ADED1C2387F}.Release|Any CPU.Build.0 = Release|Any CPU
		{BD9C94FE-9FA5-4707-9199-CA331E424993}.Debug|Any CPU.ActiveCfg = Debug|Any CPU
		{BD9C94FE-9FA5-4707-9199-CA331E424993}.Debug|Any CPU.Build.0 = Debug|Any CPU
		{BD9C94FE-9FA5-4707-9199-CA331E424993}.Release|Any CPU.ActiveCfg = Release|Any CPU
		{BD9C94FE-9FA5-4707-9199-CA331E424993}.Release|Any CPU.Build.0 = Release|Any CPU
		{2EA988A4-7507-4EB0-A8BB-C6793792779E}.Debug|Any CPU.ActiveCfg = Debug|Any CPU
		{2EA988A4-7507-4EB0-A8BB-C6793792779E}.Debug|Any CPU.Build.0 = Debug|Any CPU
		{2EA988A4-7507-4EB0-A8BB-C6793792779E}.Release|Any CPU.ActiveCfg = Release|Any CPU
		{2EA988A4-7507-4EB0-A8BB-C6793792779E}.Release|Any CPU.Build.0 = Release|Any CPU
		{DF84F1FF-AB0A-4A86-8C4B-628D87306FCE}.Debug|Any CPU.ActiveCfg = Debug|Any CPU
		{DF84F1FF-AB0A-4A86-8C4B-628D87306FCE}.Debug|Any CPU.Build.0 = Debug|Any CPU
		{DF84F1FF-AB0A-4A86-8C4B-628D87306FCE}.Release|Any CPU.ActiveCfg = Release|Any CPU
		{DF84F1FF-AB0A-4A86-8C4B-628D87306FCE}.Release|Any CPU.Build.0 = Release|Any CPU
		{FF6AEBC7-019C-4228-9FF1-F9A33EB0CA8F}.Debug|Any CPU.ActiveCfg = Debug|Any CPU
		{FF6AEBC7-019C-4228-9FF1-F9A33EB0CA8F}.Debug|Any CPU.Build.0 = Debug|Any CPU
		{FF6AEBC7-019C-4228-9FF1-F9A33EB0CA8F}.Release|Any CPU.ActiveCfg = Release|Any CPU
		{FF6AEBC7-019C-4228-9FF1-F9A33EB0CA8F}.Release|Any CPU.Build.0 = Release|Any CPU
		{7455CA21-FD61-44D7-9651-89D85E251920}.Debug|Any CPU.ActiveCfg = Debug|Any CPU
		{7455CA21-FD61-44D7-9651-89D85E251920}.Debug|Any CPU.Build.0 = Debug|Any CPU
		{7455CA21-FD61-44D7-9651-89D85E251920}.Release|Any CPU.ActiveCfg = Release|Any CPU
		{7455CA21-FD61-44D7-9651-89D85E251920}.Release|Any CPU.Build.0 = Release|Any CPU
		{D9433DD8-A72B-49B7-92F2-6554F80E1145}.Debug|Any CPU.ActiveCfg = Debug|Any CPU
		{D9433DD8-A72B-49B7-92F2-6554F80E1145}.Debug|Any CPU.Build.0 = Debug|Any CPU
		{D9433DD8-A72B-49B7-92F2-6554F80E1145}.Release|Any CPU.ActiveCfg = Release|Any CPU
		{D9433DD8-A72B-49B7-92F2-6554F80E1145}.Release|Any CPU.Build.0 = Release|Any CPU
		{C6A331AB-4F6B-4B6B-A689-D70866AF5B87}.Debug|Any CPU.ActiveCfg = Debug|Any CPU
		{C6A331AB-4F6B-4B6B-A689-D70866AF5B87}.Debug|Any CPU.Build.0 = Debug|Any CPU
		{C6A331AB-4F6B-4B6B-A689-D70866AF5B87}.Release|Any CPU.ActiveCfg = Release|Any CPU
		{C6A331AB-4F6B-4B6B-A689-D70866AF5B87}.Release|Any CPU.Build.0 = Release|Any CPU
		{4B6A1BE1-7C02-408C-B7D2-D38B4CAD4AED}.Debug|Any CPU.ActiveCfg = Debug|Any CPU
		{4B6A1BE1-7C02-408C-B7D2-D38B4CAD4AED}.Debug|Any CPU.Build.0 = Debug|Any CPU
		{4B6A1BE1-7C02-408C-B7D2-D38B4CAD4AED}.Release|Any CPU.ActiveCfg = Release|Any CPU
		{4B6A1BE1-7C02-408C-B7D2-D38B4CAD4AED}.Release|Any CPU.Build.0 = Release|Any CPU
		{FCE335F4-7C86-4ADB-A643-69629A266A7B}.Debug|Any CPU.ActiveCfg = Debug|Any CPU
		{FCE335F4-7C86-4ADB-A643-69629A266A7B}.Debug|Any CPU.Build.0 = Debug|Any CPU
		{FCE335F4-7C86-4ADB-A643-69629A266A7B}.Release|Any CPU.ActiveCfg = Release|Any CPU
		{FCE335F4-7C86-4ADB-A643-69629A266A7B}.Release|Any CPU.Build.0 = Release|Any CPU
		{4218ADF0-AE1C-4C90-8978-3EC06E8436B1}.Debug|Any CPU.ActiveCfg = Debug|Any CPU
		{4218ADF0-AE1C-4C90-8978-3EC06E8436B1}.Debug|Any CPU.Build.0 = Debug|Any CPU
		{4218ADF0-AE1C-4C90-8978-3EC06E8436B1}.Release|Any CPU.ActiveCfg = Release|Any CPU
		{4218ADF0-AE1C-4C90-8978-3EC06E8436B1}.Release|Any CPU.Build.0 = Release|Any CPU
		{64B530D7-BD26-442D-A7F5-7EF77EB14401}.Debug|Any CPU.ActiveCfg = Debug|Any CPU
		{64B530D7-BD26-442D-A7F5-7EF77EB14401}.Debug|Any CPU.Build.0 = Debug|Any CPU
		{64B530D7-BD26-442D-A7F5-7EF77EB14401}.Release|Any CPU.ActiveCfg = Release|Any CPU
		{64B530D7-BD26-442D-A7F5-7EF77EB14401}.Release|Any CPU.Build.0 = Release|Any CPU
		{FAD7D7A5-3B58-42CD-BA98-16A3380C838F}.Debug|Any CPU.ActiveCfg = Debug|Any CPU
		{FAD7D7A5-3B58-42CD-BA98-16A3380C838F}.Debug|Any CPU.Build.0 = Debug|Any CPU
		{FAD7D7A5-3B58-42CD-BA98-16A3380C838F}.Release|Any CPU.ActiveCfg = Release|Any CPU
		{FAD7D7A5-3B58-42CD-BA98-16A3380C838F}.Release|Any CPU.Build.0 = Release|Any CPU
		{8FD08367-04AD-445D-893D-77B29E809EB1}.Debug|Any CPU.ActiveCfg = Debug|Any CPU
		{8FD08367-04AD-445D-893D-77B29E809EB1}.Debug|Any CPU.Build.0 = Debug|Any CPU
		{8FD08367-04AD-445D-893D-77B29E809EB1}.Release|Any CPU.ActiveCfg = Release|Any CPU
		{8FD08367-04AD-445D-893D-77B29E809EB1}.Release|Any CPU.Build.0 = Release|Any CPU
		{25E57FEE-BAD1-4A03-955B-9DFF2ADD7AFA}.Debug|Any CPU.ActiveCfg = Debug|Any CPU
		{25E57FEE-BAD1-4A03-955B-9DFF2ADD7AFA}.Debug|Any CPU.Build.0 = Debug|Any CPU
		{25E57FEE-BAD1-4A03-955B-9DFF2ADD7AFA}.Release|Any CPU.ActiveCfg = Release|Any CPU
		{25E57FEE-BAD1-4A03-955B-9DFF2ADD7AFA}.Release|Any CPU.Build.0 = Release|Any CPU
		{EF90A738-0D14-4AAF-B8AB-1FB7F9F2B8D5}.Debug|Any CPU.ActiveCfg = Debug|Any CPU
		{EF90A738-0D14-4AAF-B8AB-1FB7F9F2B8D5}.Debug|Any CPU.Build.0 = Debug|Any CPU
		{EF90A738-0D14-4AAF-B8AB-1FB7F9F2B8D5}.Release|Any CPU.ActiveCfg = Release|Any CPU
		{EF90A738-0D14-4AAF-B8AB-1FB7F9F2B8D5}.Release|Any CPU.Build.0 = Release|Any CPU
		{950804CE-4C4F-4ECF-B976-BBBC97DF9988}.Debug|Any CPU.ActiveCfg = Debug|Any CPU
		{950804CE-4C4F-4ECF-B976-BBBC97DF9988}.Debug|Any CPU.Build.0 = Debug|Any CPU
		{950804CE-4C4F-4ECF-B976-BBBC97DF9988}.Release|Any CPU.ActiveCfg = Release|Any CPU
		{950804CE-4C4F-4ECF-B976-BBBC97DF9988}.Release|Any CPU.Build.0 = Release|Any CPU
		{55DD36BB-DFBE-42EA-A35B-FC3E27B63F99}.Debug|Any CPU.ActiveCfg = Debug|Any CPU
		{55DD36BB-DFBE-42EA-A35B-FC3E27B63F99}.Debug|Any CPU.Build.0 = Debug|Any CPU
		{55DD36BB-DFBE-42EA-A35B-FC3E27B63F99}.Release|Any CPU.ActiveCfg = Release|Any CPU
		{55DD36BB-DFBE-42EA-A35B-FC3E27B63F99}.Release|Any CPU.Build.0 = Release|Any CPU
	EndGlobalSection
	GlobalSection(SolutionProperties) = preSolution
		HideSolutionNode = FALSE
	EndGlobalSection
	GlobalSection(ExtensibilityGlobals) = postSolution
		SolutionGuid = {60CBCE9B-3841-40AA-8F7A-04AD115402C5}
	EndGlobalSection
EndGlobal
